
Microsoft Visual Studio Solution File, Format Version 12.00
# Visual Studio Version 17
VisualStudioVersion = 17.8.34330.188
MinimumVisualStudioVersion = 10.0.40219.1
Project("{FAE04EC0-301F-11D3-BF4B-00C04F79EFBC}") = "MultiTenantAppTemplate.Server", "MultiTenantAppTemplate.Server\MultiTenantAppTemplate.Server.csproj", "{DAE067EB-63C5-4B17-8D81-007DA43273F0}"
EndProject
Project("{54A90642-561A-4BB1-A94E-469ADEE60C69}") = "multitenantapptemplate.client", "multitenantapptemplate.client\multitenantapptemplate.client.esproj", "{CC76C694-5BBB-43E8-9E62-9C1A780A657B}"
EndProject
Global
	GlobalSection(SolutionConfigurationPlatforms) = preSolution
		Debug|Any CPU = Debug|Any CPU
		Release|Any CPU = Release|Any CPU
	EndGlobalSection
	GlobalSection(ProjectConfigurationPlatforms) = postSolution
		{DAE067EB-63C5-4B17-8D81-007DA43273F0}.Debug|Any CPU.ActiveCfg = Debug|Any CPU
		{DAE067EB-63C5-4B17-8D81-007DA43273F0}.Debug|Any CPU.Build.0 = Debug|Any CPU
		{DAE067EB-63C5-4B17-8D81-007DA43273F0}.Release|Any CPU.ActiveCfg = Release|Any CPU
		{DAE067EB-63C5-4B17-8D81-007DA43273F0}.Release|Any CPU.Build.0 = Release|Any CPU
		{CC76C694-5BBB-43E8-9E62-9C1A780A657B}.Debug|Any CPU.ActiveCfg = Debug|Any CPU
		{CC76C694-5BBB-43E8-9E62-9C1A780A657B}.Debug|Any CPU.Build.0 = Debug|Any CPU
		{CC76C694-5BBB-43E8-9E62-9C1A780A657B}.Debug|Any CPU.Deploy.0 = Debug|Any CPU
		{CC76C694-5BBB-43E8-9E62-9C1A780A657B}.Release|Any CPU.ActiveCfg = Release|Any CPU
		{CC76C694-5BBB-43E8-9E62-9C1A780A657B}.Release|Any CPU.Build.0 = Release|Any CPU
		{CC76C694-5BBB-43E8-9E62-9C1A780A657B}.Release|Any CPU.Deploy.0 = Release|Any CPU
	EndGlobalSection
	GlobalSection(SolutionProperties) = preSolution
		HideSolutionNode = FALSE
	EndGlobalSection
	GlobalSection(ExtensibilityGlobals) = postSolution
		SolutionGuid = {3E89A3EE-DD6D-4D7D-AA54-2A8E0B13AE5A}
	EndGlobalSection
EndGlobal
